
Microsoft Visual Studio Solution File, Format Version 12.00
# Visual Studio Version 17
VisualStudioVersion = 17.3.32922.545
MinimumVisualStudioVersion = 10.0.40219.1
Project("{FAE04EC0-301F-11D3-BF4B-00C04F79EFBC}") = "Calculator", "Calculator\Calculator.csproj", "{D2F5AABF-AC66-44BC-B1ED-0E15656098ED}"
EndProject
Project("{FAE04EC0-301F-11D3-BF4B-00C04F79EFBC}") = "Calculator_test1", "Calculator_test1\Calculator_test1.csproj", "{10F95675-EC83-4859-8C20-7BD59EB3027A}"
EndProject
Global
	GlobalSection(SolutionConfigurationPlatforms) = preSolution
		Debug|Any CPU = Debug|Any CPU
		Release|Any CPU = Release|Any CPU
	EndGlobalSection
	GlobalSection(ProjectConfigurationPlatforms) = postSolution
		{D2F5AABF-AC66-44BC-B1ED-0E15656098ED}.Debug|Any CPU.ActiveCfg = Debug|Any CPU
		{D2F5AABF-AC66-44BC-B1ED-0E15656098ED}.Debug|Any CPU.Build.0 = Debug|Any CPU
		{D2F5AABF-AC66-44BC-B1ED-0E15656098ED}.Release|Any CPU.ActiveCfg = Release|Any CPU
		{D2F5AABF-AC66-44BC-B1ED-0E15656098ED}.Release|Any CPU.Build.0 = Release|Any CPU
		{10F95675-EC83-4859-8C20-7BD59EB3027A}.Debug|Any CPU.ActiveCfg = Debug|Any CPU
		{10F95675-EC83-4859-8C20-7BD59EB3027A}.Debug|Any CPU.Build.0 = Debug|Any CPU
		{10F95675-EC83-4859-8C20-7BD59EB3027A}.Release|Any CPU.ActiveCfg = Release|Any CPU
		{10F95675-EC83-4859-8C20-7BD59EB3027A}.Release|Any CPU.Build.0 = Release|Any CPU
	EndGlobalSection
	GlobalSection(SolutionProperties) = preSolution
		HideSolutionNode = FALSE
	EndGlobalSection
	GlobalSection(ExtensibilityGlobals) = postSolution
		SolutionGuid = {F99CBCD2-2125-481A-BC16-765D08DF5650}
	EndGlobalSection
EndGlobal
